
Microsoft Visual Studio Solution File, Format Version 12.00
# Visual Studio Version 17
VisualStudioVersion = 17.7.34031.279
MinimumVisualStudioVersion = 10.0.40219.1
Project("{FAE04EC0-301F-11D3-BF4B-00C04F79EFBC}") = "Apartado_Aulas_api", "Apartado_Aulas_api\Apartado_Aulas_api.csproj", "{3D0E81A1-1705-4C21-B4DB-A1E031C7B209}"
EndProject
Global
	GlobalSection(SolutionConfigurationPlatforms) = preSolution
		Debug|Any CPU = Debug|Any CPU
		Release|Any CPU = Release|Any CPU
	EndGlobalSection
	GlobalSection(ProjectConfigurationPlatforms) = postSolution
		{3D0E81A1-1705-4C21-B4DB-A1E031C7B209}.Debug|Any CPU.ActiveCfg = Debug|Any CPU
		{3D0E81A1-1705-4C21-B4DB-A1E031C7B209}.Debug|Any CPU.Build.0 = Debug|Any CPU
		{3D0E81A1-1705-4C21-B4DB-A1E031C7B209}.Release|Any CPU.ActiveCfg = Release|Any CPU
		{3D0E81A1-1705-4C21-B4DB-A1E031C7B209}.Release|Any CPU.Build.0 = Release|Any CPU
	EndGlobalSection
	GlobalSection(SolutionProperties) = preSolution
		HideSolutionNode = FALSE
	EndGlobalSection
	GlobalSection(ExtensibilityGlobals) = postSolution
		SolutionGuid = {B5048AA2-5B88-42EC-9C90-379BD286E6D0}
	EndGlobalSection
EndGlobal
